
Microsoft Visual Studio Solution File, Format Version 12.00
Project("{FAE04EC0-301F-11D3-BF4B-00C04F79EFBC}") = "TankoffBank.WebApi", "TankoffBank.WebApi\TankoffBank.WebApi.csproj", "{EC8F8ECE-3514-405E-9D02-B2D0814B5EA2}"
EndProject
Project("{FAE04EC0-301F-11D3-BF4B-00C04F79EFBC}") = "TankoffBank.Domain", "TankoffBank.Domain\TankoffBank.Domain.csproj", "{172AE045-6449-4115-B46A-F6B09A40C7D3}"
EndProject
Project("{FAE04EC0-301F-11D3-BF4B-00C04F79EFBC}") = "TankoffBank.Infrastructure", "TankoffBank.Infrastructure\TankoffBank.Infrastructure.csproj", "{FB6D809F-A9FE-4712-BCCB-1C92C3FF6035}"
EndProject
Project("{FAE04EC0-301F-11D3-BF4B-00C04F79EFBC}") = "TankoffBank.Services", "TankoffBank.Services\TankoffBank.Services.csproj", "{87F5B985-4773-4859-84F4-8CE1EA00484C}"
EndProject
Global
	GlobalSection(SolutionConfigurationPlatforms) = preSolution
		Debug|Any CPU = Debug|Any CPU
		Release|Any CPU = Release|Any CPU
	EndGlobalSection
	GlobalSection(ProjectConfigurationPlatforms) = postSolution
		{EC8F8ECE-3514-405E-9D02-B2D0814B5EA2}.Debug|Any CPU.ActiveCfg = Debug|Any CPU
		{EC8F8ECE-3514-405E-9D02-B2D0814B5EA2}.Debug|Any CPU.Build.0 = Debug|Any CPU
		{EC8F8ECE-3514-405E-9D02-B2D0814B5EA2}.Release|Any CPU.ActiveCfg = Release|Any CPU
		{EC8F8ECE-3514-405E-9D02-B2D0814B5EA2}.Release|Any CPU.Build.0 = Release|Any CPU
		{172AE045-6449-4115-B46A-F6B09A40C7D3}.Debug|Any CPU.ActiveCfg = Debug|Any CPU
		{172AE045-6449-4115-B46A-F6B09A40C7D3}.Debug|Any CPU.Build.0 = Debug|Any CPU
		{172AE045-6449-4115-B46A-F6B09A40C7D3}.Release|Any CPU.ActiveCfg = Release|Any CPU
		{172AE045-6449-4115-B46A-F6B09A40C7D3}.Release|Any CPU.Build.0 = Release|Any CPU
		{FB6D809F-A9FE-4712-BCCB-1C92C3FF6035}.Debug|Any CPU.ActiveCfg = Debug|Any CPU
		{FB6D809F-A9FE-4712-BCCB-1C92C3FF6035}.Debug|Any CPU.Build.0 = Debug|Any CPU
		{FB6D809F-A9FE-4712-BCCB-1C92C3FF6035}.Release|Any CPU.ActiveCfg = Release|Any CPU
		{FB6D809F-A9FE-4712-BCCB-1C92C3FF6035}.Release|Any CPU.Build.0 = Release|Any CPU
		{87F5B985-4773-4859-84F4-8CE1EA00484C}.Debug|Any CPU.ActiveCfg = Debug|Any CPU
		{87F5B985-4773-4859-84F4-8CE1EA00484C}.Debug|Any CPU.Build.0 = Debug|Any CPU
		{87F5B985-4773-4859-84F4-8CE1EA00484C}.Release|Any CPU.ActiveCfg = Release|Any CPU
		{87F5B985-4773-4859-84F4-8CE1EA00484C}.Release|Any CPU.Build.0 = Release|Any CPU
	EndGlobalSection
EndGlobal
